// !$*UTF8*$!
{
	archiveVersion = 1;
	classes = {
	};
	objectVersion = 50;
	objects = {

/* Begin PBXBuildFile section */
		6359244524BBF44B008C93C0 /* AudioComment.swift in Sources */ = {isa = PBXBuildFile; fileRef = 6359244424BBF44B008C93C0 /* AudioComment.swift */; };
		6359244724BBF45E008C93C0 /* AudioDataSource.swift in Sources */ = {isa = PBXBuildFile; fileRef = 6359244624BBF45E008C93C0 /* AudioDataSource.swift */; };
		6394A33124BD2D6E004140A8 /* AudioManager.swift in Sources */ = {isa = PBXBuildFile; fileRef = 6394A33024BD2D6E004140A8 /* AudioManager.swift */; };
		6394A33424BD4042004140A8 /* piano.mp3 in Resources */ = {isa = PBXBuildFile; fileRef = 6394A33324BD4042004140A8 /* piano.mp3 */; };
		63B51A1524BE48B100687F19 /* AudioPlayer.swift in Sources */ = {isa = PBXBuildFile; fileRef = 63B51A1424BE48B100687F19 /* AudioPlayer.swift */; };
		63CEB5E024BD6F65006874AA /* AudioRecorder.swift in Sources */ = {isa = PBXBuildFile; fileRef = 63CEB5DF24BD6F65006874AA /* AudioRecorder.swift */; };
		63F29CD424BBEDDA00324B9D /* AppDelegate.swift in Sources */ = {isa = PBXBuildFile; fileRef = 63F29CD324BBEDDA00324B9D /* AppDelegate.swift */; };
		63F29CD624BBEDDA00324B9D /* SceneDelegate.swift in Sources */ = {isa = PBXBuildFile; fileRef = 63F29CD524BBEDDA00324B9D /* SceneDelegate.swift */; };
		63F29CD824BBEDDA00324B9D /* ContentView.swift in Sources */ = {isa = PBXBuildFile; fileRef = 63F29CD724BBEDDA00324B9D /* ContentView.swift */; };
		63F29CDA24BBEDDD00324B9D /* Assets.xcassets in Resources */ = {isa = PBXBuildFile; fileRef = 63F29CD924BBEDDD00324B9D /* Assets.xcassets */; };
		63F29CDD24BBEDDD00324B9D /* Preview Assets.xcassets in Resources */ = {isa = PBXBuildFile; fileRef = 63F29CDC24BBEDDD00324B9D /* Preview Assets.xcassets */; };
		63F29CE024BBEDDD00324B9D /* LaunchScreen.storyboard in Resources */ = {isa = PBXBuildFile; fileRef = 63F29CDE24BBEDDD00324B9D /* LaunchScreen.storyboard */; };
/* End PBXBuildFile section */

/* Begin PBXFileReference section */
		6359244424BBF44B008C93C0 /* AudioComment.swift */ = {isa = PBXFileReference; lastKnownFileType = sourcecode.swift; path = AudioComment.swift; sourceTree = "<group>"; };
		6359244624BBF45E008C93C0 /* AudioDataSource.swift */ = {isa = PBXFileReference; lastKnownFileType = sourcecode.swift; path = AudioDataSource.swift; sourceTree = "<group>"; };
		6394A33024BD2D6E004140A8 /* AudioManager.swift */ = {isa = PBXFileReference; lastKnownFileType = sourcecode.swift; path = AudioManager.swift; sourceTree = "<group>"; };
		6394A33324BD4042004140A8 /* piano.mp3 */ = {isa = PBXFileReference; lastKnownFileType = audio.mp3; path = piano.mp3; sourceTree = "<group>"; };
		63B51A1424BE48B100687F19 /* AudioPlayer.swift */ = {isa = PBXFileReference; lastKnownFileType = sourcecode.swift; path = AudioPlayer.swift; sourceTree = "<group>"; };
		63CEB5DF24BD6F65006874AA /* AudioRecorder.swift */ = {isa = PBXFileReference; lastKnownFileType = sourcecode.swift; path = AudioRecorder.swift; sourceTree = "<group>"; };
		63F29CD024BBEDDA00324B9D /* AudioComments.app */ = {isa = PBXFileReference; explicitFileType = wrapper.application; includeInIndex = 0; path = AudioComments.app; sourceTree = BUILT_PRODUCTS_DIR; };
		63F29CD324BBEDDA00324B9D /* AppDelegate.swift */ = {isa = PBXFileReference; lastKnownFileType = sourcecode.swift; path = AppDelegate.swift; sourceTree = "<group>"; };
		63F29CD524BBEDDA00324B9D /* SceneDelegate.swift */ = {isa = PBXFileReference; lastKnownFileType = sourcecode.swift; path = SceneDelegate.swift; sourceTree = "<group>"; };
		63F29CD724BBEDDA00324B9D /* ContentView.swift */ = {isa = PBXFileReference; lastKnownFileType = sourcecode.swift; path = ContentView.swift; sourceTree = "<group>"; };
		63F29CD924BBEDDD00324B9D /* Assets.xcassets */ = {isa = PBXFileReference; lastKnownFileType = folder.assetcatalog; path = Assets.xcassets; sourceTree = "<group>"; };
		63F29CDC24BBEDDD00324B9D /* Preview Assets.xcassets */ = {isa = PBXFileReference; lastKnownFileType = folder.assetcatalog; path = "Preview Assets.xcassets"; sourceTree = "<group>"; };
		63F29CDF24BBEDDD00324B9D /* Base */ = {isa = PBXFileReference; lastKnownFileType = file.storyboard; name = Base; path = Base.lproj/LaunchScreen.storyboard; sourceTree = "<group>"; };
		63F29CE124BBEDDD00324B9D /* Info.plist */ = {isa = PBXFileReference; lastKnownFileType = text.plist.xml; path = Info.plist; sourceTree = "<group>"; };
/* End PBXFileReference section */

/* Begin PBXFrameworksBuildPhase section */
		63F29CCD24BBEDDA00324B9D /* Frameworks */ = {
			isa = PBXFrameworksBuildPhase;
			buildActionMask = 2147483647;
			files = (
			);
			runOnlyForDeploymentPostprocessing = 0;
		};
/* End PBXFrameworksBuildPhase section */

/* Begin PBXGroup section */
		6359244824BBF4A3008C93C0 /* Model */ = {
			isa = PBXGroup;
			children = (
				6359244424BBF44B008C93C0 /* AudioComment.swift */,
				6359244624BBF45E008C93C0 /* AudioDataSource.swift */,
			);
			path = Model;
			sourceTree = "<group>";
		};
		6359244924BBF4AB008C93C0 /* Views */ = {
			isa = PBXGroup;
			children = (
				63F29CD724BBEDDA00324B9D /* ContentView.swift */,
			);
			path = Views;
			sourceTree = "<group>";
		};
		6394A33224BD2D7D004140A8 /* Audio */ = {
			isa = PBXGroup;
			children = (
				6394A33024BD2D6E004140A8 /* AudioManager.swift */,
				63B51A1424BE48B100687F19 /* AudioPlayer.swift */,
				63CEB5DF24BD6F65006874AA /* AudioRecorder.swift */,
			);
			path = Audio;
			sourceTree = "<group>";
		};
		63F29CC724BBEDD900324B9D = {
			isa = PBXGroup;
			children = (
				63F29CD224BBEDDA00324B9D /* AudioComments */,
				63F29CD124BBEDDA00324B9D /* Products */,
			);
			sourceTree = "<group>";
		};
		63F29CD124BBEDDA00324B9D /* Products */ = {
			isa = PBXGroup;
			children = (
				63F29CD024BBEDDA00324B9D /* AudioComments.app */,
			);
			name = Products;
			sourceTree = "<group>";
		};
		63F29CD224BBEDDA00324B9D /* AudioComments */ = {
			isa = PBXGroup;
			children = (
				63F29CD324BBEDDA00324B9D /* AppDelegate.swift */,
				63F29CD524BBEDDA00324B9D /* SceneDelegate.swift */,
				6359244824BBF4A3008C93C0 /* Model */,
				6394A33224BD2D7D004140A8 /* Audio */,
				6359244924BBF4AB008C93C0 /* Views */,
				63F29CD924BBEDDD00324B9D /* Assets.xcassets */,
				6394A33324BD4042004140A8 /* piano.mp3 */,
				63F29CDE24BBEDDD00324B9D /* LaunchScreen.storyboard */,
				63F29CE124BBEDDD00324B9D /* Info.plist */,
				63F29CDB24BBEDDD00324B9D /* Preview Content */,
			);
			path = AudioComments;
			sourceTree = "<group>";
		};
		63F29CDB24BBEDDD00324B9D /* Preview Content */ = {
			isa = PBXGroup;
			children = (
				63F29CDC24BBEDDD00324B9D /* Preview Assets.xcassets */,
			);
			path = "Preview Content";
			sourceTree = "<group>";
		};
/* End PBXGroup section */

/* Begin PBXNativeTarget section */
		63F29CCF24BBEDDA00324B9D /* AudioComments */ = {
			isa = PBXNativeTarget;
			buildConfigurationList = 63F29CE424BBEDDD00324B9D /* Build configuration list for PBXNativeTarget "AudioComments" */;
			buildPhases = (
				63F29CCC24BBEDDA00324B9D /* Sources */,
				63F29CCD24BBEDDA00324B9D /* Frameworks */,
				63F29CCE24BBEDDA00324B9D /* Resources */,
			);
			buildRules = (
			);
			dependencies = (
			);
			name = AudioComments;
			productName = AudioComments;
			productReference = 63F29CD024BBEDDA00324B9D /* AudioComments.app */;
			productType = "com.apple.product-type.application";
		};
/* End PBXNativeTarget section */

/* Begin PBXProject section */
		63F29CC824BBEDD900324B9D /* Project object */ = {
			isa = PBXProject;
			attributes = {
				LastSwiftUpdateCheck = 1150;
				LastUpgradeCheck = 1150;
				ORGANIZATIONNAME = "Chad Parker";
				TargetAttributes = {
					63F29CCF24BBEDDA00324B9D = {
						CreatedOnToolsVersion = 11.5;
					};
				};
			};
			buildConfigurationList = 63F29CCB24BBEDD900324B9D /* Build configuration list for PBXProject "AudioComments" */;
			compatibilityVersion = "Xcode 9.3";
			developmentRegion = en;
			hasScannedForEncodings = 0;
			knownRegions = (
				en,
				Base,
			);
			mainGroup = 63F29CC724BBEDD900324B9D;
			productRefGroup = 63F29CD124BBEDDA00324B9D /* Products */;
			projectDirPath = "";
			projectRoot = "";
			targets = (
				63F29CCF24BBEDDA00324B9D /* AudioComments */,
			);
		};
/* End PBXProject section */

/* Begin PBXResourcesBuildPhase section */
		63F29CCE24BBEDDA00324B9D /* Resources */ = {
			isa = PBXResourcesBuildPhase;
			buildActionMask = 2147483647;
			files = (
				63F29CE024BBEDDD00324B9D /* LaunchScreen.storyboard in Resources */,
				63F29CDD24BBEDDD00324B9D /* Preview Assets.xcassets in Resources */,
				6394A33424BD4042004140A8 /* piano.mp3 in Resources */,
				63F29CDA24BBEDDD00324B9D /* Assets.xcassets in Resources */,
			);
			runOnlyForDeploymentPostprocessing = 0;
		};
/* End PBXResourcesBuildPhase section */

/* Begin PBXSourcesBuildPhase section */
		63F29CCC24BBEDDA00324B9D /* Sources */ = {
			isa = PBXSourcesBuildPhase;
			buildActionMask = 2147483647;
			files = (
				6394A33124BD2D6E004140A8 /* AudioManager.swift in Sources */,
				63CEB5E024BD6F65006874AA /* AudioRecorder.swift in Sources */,
				63F29CD424BBEDDA00324B9D /* AppDelegate.swift in Sources */,
				63B51A1524BE48B100687F19 /* AudioPlayer.swift in Sources */,
				63F29CD624BBEDDA00324B9D /* SceneDelegate.swift in Sources */,
				6359244524BBF44B008C93C0 /* AudioComment.swift in Sources */,
				63F29CD824BBEDDA00324B9D /* ContentView.swift in Sources */,
				6359244724BBF45E008C93C0 /* AudioDataSource.swift in Sources */,
			);
			runOnlyForDeploymentPostprocessing = 0;
		};
/* End PBXSourcesBuildPhase section */

/* Begin PBXVariantGroup section */
		63F29CDE24BBEDDD00324B9D /* LaunchScreen.storyboard */ = {
			isa = PBXVariantGroup;
			children = (
				63F29CDF24BBEDDD00324B9D /* Base */,
			);
			name = LaunchScreen.storyboard;
			sourceTree = "<group>";
		};
/* End PBXVariantGroup section */

/* Begin XCBuildConfiguration section */
		63F29CE224BBEDDD00324B9D /* Debug */ = {
			isa = XCBuildConfiguration;
			buildSettings = {
				ALWAYS_SEARCH_USER_PATHS = NO;
				CLANG_ANALYZER_NONNULL = YES;
				CLANG_ANALYZER_NUMBER_OBJECT_CONVERSION = YES_AGGRESSIVE;
				CLANG_CXX_LANGUAGE_STANDARD = "gnu++14";
				CLANG_CXX_LIBRARY = "libc++";
				CLANG_ENABLE_MODULES = YES;
				CLANG_ENABLE_OBJC_ARC = YES;
				CLANG_ENABLE_OBJC_WEAK = YES;
				CLANG_WARN_BLOCK_CAPTURE_AUTORELEASING = YES;
				CLANG_WARN_BOOL_CONVERSION = YES;
				CLANG_WARN_COMMA = YES;
				CLANG_WARN_CONSTANT_CONVERSION = YES;
				CLANG_WARN_DEPRECATED_OBJC_IMPLEMENTATIONS = YES;
				CLANG_WARN_DIRECT_OBJC_ISA_USAGE = YES_ERROR;
				CLANG_WARN_DOCUMENTATION_COMMENTS = YES;
				CLANG_WARN_EMPTY_BODY = YES;
				CLANG_WARN_ENUM_CONVERSION = YES;
				CLANG_WARN_INFINITE_RECURSION = YES;
				CLANG_WARN_INT_CONVERSION = YES;
				CLANG_WARN_NON_LITERAL_NULL_CONVERSION = YES;
				CLANG_WARN_OBJC_IMPLICIT_RETAIN_SELF = YES;
				CLANG_WARN_OBJC_LITERAL_CONVERSION = YES;
				CLANG_WARN_OBJC_ROOT_CLASS = YES_ERROR;
				CLANG_WARN_RANGE_LOOP_ANALYSIS = YES;
				CLANG_WARN_STRICT_PROTOTYPES = YES;
				CLANG_WARN_SUSPICIOUS_MOVE = YES;
				CLANG_WARN_UNGUARDED_AVAILABILITY = YES_AGGRESSIVE;
				CLANG_WARN_UNREACHABLE_CODE = YES;
				CLANG_WARN__DUPLICATE_METHOD_MATCH = YES;
				COPY_PHASE_STRIP = NO;
				DEBUG_INFORMATION_FORMAT = dwarf;
				ENABLE_STRICT_OBJC_MSGSEND = YES;
				ENABLE_TESTABILITY = YES;
				GCC_C_LANGUAGE_STANDARD = gnu11;
				GCC_DYNAMIC_NO_PIC = NO;
				GCC_NO_COMMON_BLOCKS = YES;
				GCC_OPTIMIZATION_LEVEL = 0;
				GCC_PREPROCESSOR_DEFINITIONS = (
					"DEBUG=1",
					"$(inherited)",
				);
				GCC_WARN_64_TO_32_BIT_CONVERSION = YES;
				GCC_WARN_ABOUT_RETURN_TYPE = YES_ERROR;
				GCC_WARN_UNDECLARED_SELECTOR = YES;
				GCC_WARN_UNINITIALIZED_AUTOS = YES_AGGRESSIVE;
				GCC_WARN_UNUSED_FUNCTION = YES;
				GCC_WARN_UNUSED_VARIABLE = YES;
				IPHONEOS_DEPLOYMENT_TARGET = 13.5;
				MTL_ENABLE_DEBUG_INFO = INCLUDE_SOURCE;
				MTL_FAST_MATH = YES;
				ONLY_ACTIVE_ARCH = YES;
				SDKROOT = iphoneos;
				SWIFT_ACTIVE_COMPILATION_CONDITIONS = DEBUG;
				SWIFT_OPTIMIZATION_LEVEL = "-Onone";
			};
			name = Debug;
		};
		63F29CE324BBEDDD00324B9D /* Release */ = {
			isa = XCBuildConfiguration;
			buildSettings = {
				ALWAYS_SEARCH_USER_PATHS = NO;
				CLANG_ANALYZER_NONNULL = YES;
				CLANG_ANALYZER_NUMBER_OBJECT_CONVERSION = YES_AGGRESSIVE;
				CLANG_CXX_LANGUAGE_STANDARD = "gnu++14";
				CLANG_CXX_LIBRARY = "libc++";
				CLANG_ENABLE_MODULES = YES;
				CLANG_ENABLE_OBJC_ARC = YES;
				CLANG_ENABLE_OBJC_WEAK = YES;
				CLANG_WARN_BLOCK_CAPTURE_AUTORELEASING = YES;
				CLANG_WARN_BOOL_CONVERSION = YES;
				CLANG_WARN_COMMA = YES;
				CLANG_WARN_CONSTANT_CONVERSION = YES;
				CLANG_WARN_DEPRECATED_OBJC_IMPLEMENTATIONS = YES;
				CLANG_WARN_DIRECT_OBJC_ISA_USAGE = YES_ERROR;
				CLANG_WARN_DOCUMENTATION_COMMENTS = YES;
				CLANG_WARN_EMPTY_BODY = YES;
				CLANG_WARN_ENUM_CONVERSION = YES;
				CLANG_WARN_INFINITE_RECURSION = YES;
				CLANG_WARN_INT_CONVERSION = YES;
				CLANG_WARN_NON_LITERAL_NULL_CONVERSION = YES;
				CLANG_WARN_OBJC_IMPLICIT_RETAIN_SELF = YES;
				CLANG_WARN_OBJC_LITERAL_CONVERSION = YES;
				CLANG_WARN_OBJC_ROOT_CLASS = YES_ERROR;
				CLANG_WARN_RANGE_LOOP_ANALYSIS = YES;
				CLANG_WARN_STRICT_PROTOTYPES = YES;
				CLANG_WARN_SUSPICIOUS_MOVE = YES;
				CLANG_WARN_UNGUARDED_AVAILABILITY = YES_AGGRESSIVE;
				CLANG_WARN_UNREACHABLE_CODE = YES;
				CLANG_WARN__DUPLICATE_METHOD_MATCH = YES;
				COPY_PHASE_STRIP = NO;
				DEBUG_INFORMATION_FORMAT = "dwarf-with-dsym";
				ENABLE_NS_ASSERTIONS = NO;
				ENABLE_STRICT_OBJC_MSGSEND = YES;
				GCC_C_LANGUAGE_STANDARD = gnu11;
				GCC_NO_COMMON_BLOCKS = YES;
				GCC_WARN_64_TO_32_BIT_CONVERSION = YES;
				GCC_WARN_ABOUT_RETURN_TYPE = YES_ERROR;
				GCC_WARN_UNDECLARED_SELECTOR = YES;
				GCC_WARN_UNINITIALIZED_AUTOS = YES_AGGRESSIVE;
				GCC_WARN_UNUSED_FUNCTION = YES;
				GCC_WARN_UNUSED_VARIABLE = YES;
				IPHONEOS_DEPLOYMENT_TARGET = 13.5;
				MTL_ENABLE_DEBUG_INFO = NO;
				MTL_FAST_MATH = YES;
				SDKROOT = iphoneos;
				SWIFT_COMPILATION_MODE = wholemodule;
				SWIFT_OPTIMIZATION_LEVEL = "-O";
				VALIDATE_PRODUCT = YES;
			};
			name = Release;
		};
		63F29CE524BBEDDD00324B9D /* Debug */ = {
			isa = XCBuildConfiguration;
			buildSettings = {
				ASSETCATALOG_COMPILER_APPICON_NAME = AppIcon;
				CODE_SIGN_STYLE = Automatic;
				DEVELOPMENT_ASSET_PATHS = "\"AudioComments/Preview Content\"";
				DEVELOPMENT_TEAM = 249LNXJ9HG;
				ENABLE_PREVIEWS = YES;
				INFOPLIST_FILE = AudioComments/Info.plist;
				LD_RUNPATH_SEARCH_PATHS = (
					"$(inherited)",
					"@executable_path/Frameworks",
				);
				PRODUCT_BUNDLE_IDENTIFIER = com.chadparker.AudioComments;
				PRODUCT_NAME = "$(TARGET_NAME)";
				SWIFT_VERSION = 5.0;
				TARGETED_DEVICE_FAMILY = "1,2";
			};
			name = Debug;
		};
		63F29CE624BBEDDD00324B9D /* Release */ = {
			isa = XCBuildConfiguration;
			buildSettings = {
				ASSETCATALOG_COMPILER_APPICON_NAME = AppIcon;
				CODE_SIGN_STYLE = Automatic;
				DEVELOPMENT_ASSET_PATHS = "\"AudioComments/Preview Content\"";
				DEVELOPMENT_TEAM = 249LNXJ9HG;
				ENABLE_PREVIEWS = YES;
				INFOPLIST_FILE = AudioComments/Info.plist;
				LD_RUNPATH_SEARCH_PATHS = (
					"$(inherited)",
					"@executable_path/Frameworks",
				);
				PRODUCT_BUNDLE_IDENTIFIER = com.chadparker.AudioComments;
				PRODUCT_NAME = "$(TARGET_NAME)";
				SWIFT_VERSION = 5.0;
				TARGETED_DEVICE_FAMILY = "1,2";
			};
			name = Release;
		};
/* End XCBuildConfiguration section */

/* Begin XCConfigurationList section */
		63F29CCB24BBEDD900324B9D /* Build configuration list for PBXProject "AudioComments" */ = {
			isa = XCConfigurationList;
			buildConfigurations = (
				63F29CE224BBEDDD00324B9D /* Debug */,
				63F29CE324BBEDDD00324B9D /* Release */,
			);
			defaultConfigurationIsVisible = 0;
			defaultConfigurationName = Release;
		};
		63F29CE424BBEDDD00324B9D /* Build configuration list for PBXNativeTarget "AudioComments" */ = {
			isa = XCConfigurationList;
			buildConfigurations = (
				63F29CE524BBEDDD00324B9D /* Debug */,
				63F29CE624BBEDDD00324B9D /* Release */,
			);
			defaultConfigurationIsVisible = 0;
			defaultConfigurationName = Release;
		};
/* End XCConfigurationList section */
	};
	rootObject = 63F29CC824BBEDD900324B9D /* Project object */;
}
